
Microsoft Visual Studio Solution File, Format Version 12.00
# Visual Studio Version 17
VisualStudioVersion = 17.1.32407.343
MinimumVisualStudioVersion = 10.0.40219.1
Project("{2150E333-8FDC-42A3-9474-1A3956D46DE8}") = "src", "src", "{F81B5852-C6B2-4A7D-9972-6639EF701133}"
EndProject
Project("{2150E333-8FDC-42A3-9474-1A3956D46DE8}") = "Api", "Api", "{96124C3F-A87D-4C29-B987-B59EBFDB99D9}"
EndProject
Project("{2150E333-8FDC-42A3-9474-1A3956D46DE8}") = "Clients", "Clients", "{AD897A76-C2AE-45FF-B0B5-B0F7D44F71B5}"
EndProject
Project("{2150E333-8FDC-42A3-9474-1A3956D46DE8}") = "Common", "Common", "{5F95D433-A9BE-4AD1-98B9-6A88EABBE65F}"
EndProject
Project("{2150E333-8FDC-42A3-9474-1A3956D46DE8}") = "Projections", "Projections", "{E3219DA0-4892-4E1B-A791-45393351C69A}"
EndProject
Project("{2150E333-8FDC-42A3-9474-1A3956D46DE8}") = "Core", "Core", "{8770F760-D500-4728-AE83-72E8981E289B}"
EndProject
Project("{2150E333-8FDC-42A3-9474-1A3956D46DE8}") = "Infrastructure", "Infrastructure", "{3B2EC755-34B6-454A-9A46-ACDB75D0DE7E}"
EndProject
Project("{2150E333-8FDC-42A3-9474-1A3956D46DE8}") = "WebApi", "WebApi", "{93A5CDF5-FF07-4174-9D7F-855779E11837}"
EndProject
Project("{FAE04EC0-301F-11D3-BF4B-00C04F79EFBC}") = "SourDictionary.Common", "src\Common\SourDictionary.Common\SourDictionary.Common.csproj", "{C7478C38-391F-49CF-99D1-966B4A40D2A9}"
EndProject
Global
	GlobalSection(SolutionConfigurationPlatforms) = preSolution
		Debug|Any CPU = Debug|Any CPU
		Release|Any CPU = Release|Any CPU
	EndGlobalSection
	GlobalSection(ProjectConfigurationPlatforms) = postSolution
		{C7478C38-391F-49CF-99D1-966B4A40D2A9}.Debug|Any CPU.ActiveCfg = Debug|Any CPU
		{C7478C38-391F-49CF-99D1-966B4A40D2A9}.Debug|Any CPU.Build.0 = Debug|Any CPU
		{C7478C38-391F-49CF-99D1-966B4A40D2A9}.Release|Any CPU.ActiveCfg = Release|Any CPU
		{C7478C38-391F-49CF-99D1-966B4A40D2A9}.Release|Any CPU.Build.0 = Release|Any CPU
	EndGlobalSection
	GlobalSection(SolutionProperties) = preSolution
		HideSolutionNode = FALSE
	EndGlobalSection
	GlobalSection(NestedProjects) = preSolution
		{96124C3F-A87D-4C29-B987-B59EBFDB99D9} = {F81B5852-C6B2-4A7D-9972-6639EF701133}
		{AD897A76-C2AE-45FF-B0B5-B0F7D44F71B5} = {F81B5852-C6B2-4A7D-9972-6639EF701133}
		{5F95D433-A9BE-4AD1-98B9-6A88EABBE65F} = {F81B5852-C6B2-4A7D-9972-6639EF701133}
		{E3219DA0-4892-4E1B-A791-45393351C69A} = {F81B5852-C6B2-4A7D-9972-6639EF701133}
		{8770F760-D500-4728-AE83-72E8981E289B} = {96124C3F-A87D-4C29-B987-B59EBFDB99D9}
		{3B2EC755-34B6-454A-9A46-ACDB75D0DE7E} = {96124C3F-A87D-4C29-B987-B59EBFDB99D9}
		{93A5CDF5-FF07-4174-9D7F-855779E11837} = {96124C3F-A87D-4C29-B987-B59EBFDB99D9}
		{C7478C38-391F-49CF-99D1-966B4A40D2A9} = {5F95D433-A9BE-4AD1-98B9-6A88EABBE65F}
	EndGlobalSection
	GlobalSection(ExtensibilityGlobals) = postSolution
		SolutionGuid = {4410D768-83BB-4C7C-ADFD-EDCD6ECBE05A}
	EndGlobalSection
EndGlobal
